{
  "name": "@voxpelli/tsconfig",
  "version": "12.0.1",
  "lockfileVersion": 3,
  "requires": true,
  "packages": {
    "": {
      "name": "@voxpelli/tsconfig",
      "version": "12.0.1",
      "license": "MIT",
      "devDependencies": {
        "husky": "^9.0.11",
        "typescript": "~5.5.3",
        "validate-conventional-commit": "^1.0.4"
      },
      "peerDependencies": {
        "typescript": "~5.5.3"
      }
    },
    "node_modules/husky": {
      "version": "9.1.1",
      "resolved": "https://registry.npmjs.org/husky/-/husky-9.1.1.tgz",
      "integrity": "sha512-fCqlqLXcBnXa/TJXmT93/A36tJsjdJkibQ1MuIiFyCCYUlpYpIaj2mv1w+3KR6Rzu1IC3slFTje5f6DUp2A2rg==",
      "dev": true,
      "license": "MIT",
      "bin": {
        "husky": "bin.js"
      },
      "engines": {
        "node": ">=18"
      },
      "funding": {
        "url": "https://github.com/sponsors/typicode"
      }
    },
    "node_modules/typescript": {
      "version": "5.5.3",
      "resolved": "https://registry.npmjs.org/typescript/-/typescript-5.5.3.tgz",
      "integrity": "sha512-/hreyEujaB0w76zKo6717l3L0o/qEUtRgdvUBvlkhoWeOVMjMuHNHk0BRBzikzuGDqNmPQbg5ifMEqsHLiIUcQ==",
      "dev": true,
      "license": "Apache-2.0",
      "bin": {
        "tsc": "bin/tsc",
        "tsserver": "bin/tsserver"
      },
      "engines": {
        "node": ">=14.17"
      }
    },
    "node_modules/validate-conventional-commit": {
      "version": "1.0.4",
      "resolved": "https://registry.npmjs.org/validate-conventional-commit/-/validate-conventional-commit-1.0.4.tgz",
      "integrity": "sha512-RkkjpHE6qIF+BfujcFWTOAYE1Xj/Jz9oBMtlncLoqQVi5nGY/OwGgXjYolo8CNhH8xu6q7zSvciH0amTWkBvZg==",
      "dev": true,
      "license": "0BSD",
      "bin": {
        "validate-conventional-commit": "cli.js"
      },
      "engines": {
        "node": ">=16.0.0"
      }
    }
  }
}
