{
  "name": "@voxpelli/tsconfig",
  "version": "10.0.0",
  "lockfileVersion": 3,
  "requires": true,
  "packages": {
    "": {
      "name": "@voxpelli/tsconfig",
      "version": "10.0.0",
      "license": "MIT",
      "devDependencies": {
        "husky": "^9.0.11",
        "typescript": "~5.3.2",
        "validate-conventional-commit": "^1.0.3"
      },
      "peerDependencies": {
        "typescript": "~5.3.2"
      }
    },
    "node_modules/husky": {
      "version": "9.0.11",
      "resolved": "https://registry.npmjs.org/husky/-/husky-9.0.11.tgz",
      "integrity": "sha512-AB6lFlbwwyIqMdHYhwPe+kjOC3Oc5P3nThEoW/AaO2BX3vJDjWPFxYLxokUZOo6RNX20He3AaT8sESs9NJcmEw==",
      "dev": true,
      "bin": {
        "husky": "bin.mjs"
      },
      "engines": {
        "node": ">=18"
      },
      "funding": {
        "url": "https://github.com/sponsors/typicode"
      }
    },
    "node_modules/typescript": {
      "version": "5.3.2",
      "resolved": "https://registry.npmjs.org/typescript/-/typescript-5.3.2.tgz",
      "integrity": "sha512-6l+RyNy7oAHDfxC4FzSJcz9vnjTKxrLpDG5M2Vu4SHRVNg6xzqZp6LYSR9zjqQTu8DU/f5xwxUdADOkbrIX2gQ==",
      "dev": true,
      "bin": {
        "tsc": "bin/tsc",
        "tsserver": "bin/tsserver"
      },
      "engines": {
        "node": ">=14.17"
      }
    },
    "node_modules/validate-conventional-commit": {
      "version": "1.0.3",
      "resolved": "https://registry.npmjs.org/validate-conventional-commit/-/validate-conventional-commit-1.0.3.tgz",
      "integrity": "sha512-QynqMl+Cyup75hqi/br2CpPbUUWbSkWCU6PheOGopqejL4tMqwGXvBN5OfzzpVRNNs8wr/YB5/r6R3Z3CKffmw==",
      "dev": true,
      "bin": {
        "validate-conventional-commit": "cli.js"
      },
      "engines": {
        "node": ">=16.0.0"
      }
    }
  }
}
