{
  "name": "@voxpelli/tsconfig",
  "version": "9.0.0",
  "lockfileVersion": 3,
  "requires": true,
  "packages": {
    "": {
      "name": "@voxpelli/tsconfig",
      "version": "9.0.0",
      "license": "MIT",
      "devDependencies": {
        "husky": "^8.0.3",
        "typescript": "~5.2.2",
        "validate-conventional-commit": "^1.0.2"
      },
      "peerDependencies": {
        "typescript": "~5.2.2"
      }
    },
    "node_modules/husky": {
      "version": "8.0.3",
      "resolved": "https://registry.npmjs.org/husky/-/husky-8.0.3.tgz",
      "integrity": "sha512-+dQSyqPh4x1hlO1swXBiNb2HzTDN1I2IGLQx1GrBuiqFJfoMrnZWwVmatvSiO+Iz8fBUnf+lekwNo4c2LlXItg==",
      "dev": true,
      "bin": {
        "husky": "lib/bin.js"
      },
      "engines": {
        "node": ">=14"
      },
      "funding": {
        "url": "https://github.com/sponsors/typicode"
      }
    },
    "node_modules/typescript": {
      "version": "5.2.2",
      "resolved": "https://registry.npmjs.org/typescript/-/typescript-5.2.2.tgz",
      "integrity": "sha512-mI4WrpHsbCIcwT9cF4FZvr80QUeKvsUsUvKDoR+X/7XHQH98xYD8YHZg7ANtz2GtZt/CBq2QJ0thkGJMHfqc1w==",
      "dev": true,
      "bin": {
        "tsc": "bin/tsc",
        "tsserver": "bin/tsserver"
      },
      "engines": {
        "node": ">=14.17"
      }
    },
    "node_modules/validate-conventional-commit": {
      "version": "1.0.3",
      "resolved": "https://registry.npmjs.org/validate-conventional-commit/-/validate-conventional-commit-1.0.3.tgz",
      "integrity": "sha512-QynqMl+Cyup75hqi/br2CpPbUUWbSkWCU6PheOGopqejL4tMqwGXvBN5OfzzpVRNNs8wr/YB5/r6R3Z3CKffmw==",
      "dev": true,
      "bin": {
        "validate-conventional-commit": "cli.js"
      },
      "engines": {
        "node": ">=16.0.0"
      }
    }
  }
}
